// !$*UTF8*$!
{
	archiveVersion = 1;
	classes = {
	};
	objectVersion = 50;
	objects = {

/* Begin PBXBuildFile section */
		181514D823F533CE0066BCFB /* AppDelegate.swift in Sources */ = {isa = PBXBuildFile; fileRef = 181514D723F533CE0066BCFB /* AppDelegate.swift */; };
		181514DA23F533CE0066BCFB /* SceneDelegate.swift in Sources */ = {isa = PBXBuildFile; fileRef = 181514D923F533CE0066BCFB /* SceneDelegate.swift */; };
		181514DC23F533CE0066BCFB /* ViewController.swift in Sources */ = {isa = PBXBuildFile; fileRef = 181514DB23F533CE0066BCFB /* ViewController.swift */; };
		181514DF23F533CE0066BCFB /* Main.storyboard in Resources */ = {isa = PBXBuildFile; fileRef = 181514DD23F533CE0066BCFB /* Main.storyboard */; };
		181514E123F533D60066BCFB /* Assets.xcassets in Resources */ = {isa = PBXBuildFile; fileRef = 181514E023F533D60066BCFB /* Assets.xcassets */; };
		181514E423F533D60066BCFB /* LaunchScreen.storyboard in Resources */ = {isa = PBXBuildFile; fileRef = 181514E223F533D60066BCFB /* LaunchScreen.storyboard */; };
		181514EC23F537260066BCFB /* DropBallViewController.swift in Sources */ = {isa = PBXBuildFile; fileRef = 181514EB23F537260066BCFB /* DropBallViewController.swift */; };
/* End PBXBuildFile section */

/* Begin PBXFileReference section */
		181514D423F533CE0066BCFB /* rolling ball 5 ways on class fix.app */ = {isa = PBXFileReference; explicitFileType = wrapper.application; includeInIndex = 0; path = "rolling ball 5 ways on class fix.app"; sourceTree = BUILT_PRODUCTS_DIR; };
		181514D723F533CE0066BCFB /* AppDelegate.swift */ = {isa = PBXFileReference; lastKnownFileType = sourcecode.swift; path = AppDelegate.swift; sourceTree = "<group>"; };
		181514D923F533CE0066BCFB /* SceneDelegate.swift */ = {isa = PBXFileReference; lastKnownFileType = sourcecode.swift; path = SceneDelegate.swift; sourceTree = "<group>"; };
		181514DB23F533CE0066BCFB /* ViewController.swift */ = {isa = PBXFileReference; lastKnownFileType = sourcecode.swift; path = ViewController.swift; sourceTree = "<group>"; };
		181514DE23F533CE0066BCFB /* Base */ = {isa = PBXFileReference; lastKnownFileType = file.storyboard; name = Base; path = Base.lproj/Main.storyboard; sourceTree = "<group>"; };
		181514E023F533D60066BCFB /* Assets.xcassets */ = {isa = PBXFileReference; lastKnownFileType = folder.assetcatalog; path = Assets.xcassets; sourceTree = "<group>"; };
		181514E323F533D60066BCFB /* Base */ = {isa = PBXFileReference; lastKnownFileType = file.storyboard; name = Base; path = Base.lproj/LaunchScreen.storyboard; sourceTree = "<group>"; };
		181514E523F533D60066BCFB /* Info.plist */ = {isa = PBXFileReference; lastKnownFileType = text.plist.xml; path = Info.plist; sourceTree = "<group>"; };
		181514EB23F537260066BCFB /* DropBallViewController.swift */ = {isa = PBXFileReference; lastKnownFileType = sourcecode.swift; path = DropBallViewController.swift; sourceTree = SOURCE_ROOT; };
/* End PBXFileReference section */

/* Begin PBXFrameworksBuildPhase section */
		181514D123F533CE0066BCFB /* Frameworks */ = {
			isa = PBXFrameworksBuildPhase;
			buildActionMask = 2147483647;
			files = (
			);
			runOnlyForDeploymentPostprocessing = 0;
		};
/* End PBXFrameworksBuildPhase section */

/* Begin PBXGroup section */
		181514CB23F533CE0066BCFB = {
			isa = PBXGroup;
			children = (
				181514D623F533CE0066BCFB /* rolling ball 5 ways on class fix */,
				181514D523F533CE0066BCFB /* Products */,
			);
			sourceTree = "<group>";
		};
		181514D523F533CE0066BCFB /* Products */ = {
			isa = PBXGroup;
			children = (
				181514D423F533CE0066BCFB /* rolling ball 5 ways on class fix.app */,
			);
			name = Products;
			sourceTree = "<group>";
		};
		181514D623F533CE0066BCFB /* rolling ball 5 ways on class fix */ = {
			isa = PBXGroup;
			children = (
				181514D723F533CE0066BCFB /* AppDelegate.swift */,
				181514D923F533CE0066BCFB /* SceneDelegate.swift */,
				181514DB23F533CE0066BCFB /* ViewController.swift */,
				181514DD23F533CE0066BCFB /* Main.storyboard */,
				181514EB23F537260066BCFB /* DropBallViewController.swift */,
				181514E023F533D60066BCFB /* Assets.xcassets */,
				181514E223F533D60066BCFB /* LaunchScreen.storyboard */,
				181514E523F533D60066BCFB /* Info.plist */,
			);
			path = "rolling ball 5 ways on class fix";
			sourceTree = "<group>";
		};
/* End PBXGroup section */

/* Begin PBXNativeTarget section */
		181514D323F533CE0066BCFB /* rolling ball 5 ways on class fix */ = {
			isa = PBXNativeTarget;
			buildConfigurationList = 181514E823F533D60066BCFB /* Build configuration list for PBXNativeTarget "rolling ball 5 ways on class fix" */;
			buildPhases = (
				181514D023F533CE0066BCFB /* Sources */,
				181514D123F533CE0066BCFB /* Frameworks */,
				181514D223F533CE0066BCFB /* Resources */,
			);
			buildRules = (
			);
			dependencies = (
			);
			name = "rolling ball 5 ways on class fix";
			productName = "rolling ball 5 ways on class fix";
			productReference = 181514D423F533CE0066BCFB /* rolling ball 5 ways on class fix.app */;
			productType = "com.apple.product-type.application";
		};
/* End PBXNativeTarget section */

/* Begin PBXProject section */
		181514CC23F533CE0066BCFB /* Project object */ = {
			isa = PBXProject;
			attributes = {
				LastSwiftUpdateCheck = 1130;
				LastUpgradeCheck = 1130;
				ORGANIZATIONNAME = Apple;
				TargetAttributes = {
					181514D323F533CE0066BCFB = {
						CreatedOnToolsVersion = 11.3;
					};
				};
			};
			buildConfigurationList = 181514CF23F533CE0066BCFB /* Build configuration list for PBXProject "rolling ball 5 ways on class fix" */;
			compatibilityVersion = "Xcode 9.3";
			developmentRegion = en;
			hasScannedForEncodings = 0;
			knownRegions = (
				en,
				Base,
			);
			mainGroup = 181514CB23F533CE0066BCFB;
			productRefGroup = 181514D523F533CE0066BCFB /* Products */;
			projectDirPath = "";
			projectRoot = "";
			targets = (
				181514D323F533CE0066BCFB /* rolling ball 5 ways on class fix */,
			);
		};
/* End PBXProject section */

/* Begin PBXResourcesBuildPhase section */
		181514D223F533CE0066BCFB /* Resources */ = {
			isa = PBXResourcesBuildPhase;
			buildActionMask = 2147483647;
			files = (
				181514E423F533D60066BCFB /* LaunchScreen.storyboard in Resources */,
				181514E123F533D60066BCFB /* Assets.xcassets in Resources */,
				181514DF23F533CE0066BCFB /* Main.storyboard in Resources */,
			);
			runOnlyForDeploymentPostprocessing = 0;
		};
/* End PBXResourcesBuildPhase section */

/* Begin PBXSourcesBuildPhase section */
		181514D023F533CE0066BCFB /* Sources */ = {
			isa = PBXSourcesBuildPhase;
			buildActionMask = 2147483647;
			files = (
				181514DC23F533CE0066BCFB /* ViewController.swift in Sources */,
				181514D823F533CE0066BCFB /* AppDelegate.swift in Sources */,
				181514EC23F537260066BCFB /* DropBallViewController.swift in Sources */,
				181514DA23F533CE0066BCFB /* SceneDelegate.swift in Sources */,
			);
			runOnlyForDeploymentPostprocessing = 0;
		};
/* End PBXSourcesBuildPhase section */

/* Begin PBXVariantGroup section */
		181514DD23F533CE0066BCFB /* Main.storyboard */ = {
			isa = PBXVariantGroup;
			children = (
				181514DE23F533CE0066BCFB /* Base */,
			);
			name = Main.storyboard;
			sourceTree = "<group>";
		};
		181514E223F533D60066BCFB /* LaunchScreen.storyboard */ = {
			isa = PBXVariantGroup;
			children = (
				181514E323F533D60066BCFB /* Base */,
			);
			name = LaunchScreen.storyboard;
			sourceTree = "<group>";
		};
/* End PBXVariantGroup section */

/* Begin XCBuildConfiguration section */
		181514E623F533D60066BCFB /* Debug */ = {
			isa = XCBuildConfiguration;
			buildSettings = {
				ALWAYS_SEARCH_USER_PATHS = NO;
				CLANG_ANALYZER_NONNULL = YES;
				CLANG_ANALYZER_NUMBER_OBJECT_CONVERSION = YES_AGGRESSIVE;
				CLANG_CXX_LANGUAGE_STANDARD = "gnu++14";
				CLANG_CXX_LIBRARY = "libc++";
				CLANG_ENABLE_MODULES = YES;
				CLANG_ENABLE_OBJC_ARC = YES;
				CLANG_ENABLE_OBJC_WEAK = YES;
				CLANG_WARN_BLOCK_CAPTURE_AUTORELEASING = YES;
				CLANG_WARN_BOOL_CONVERSION = YES;
				CLANG_WARN_COMMA = YES;
				CLANG_WARN_CONSTANT_CONVERSION = YES;
				CLANG_WARN_DEPRECATED_OBJC_IMPLEMENTATIONS = YES;
				CLANG_WARN_DIRECT_OBJC_ISA_USAGE = YES_ERROR;
				CLANG_WARN_DOCUMENTATION_COMMENTS = YES;
				CLANG_WARN_EMPTY_BODY = YES;
				CLANG_WARN_ENUM_CONVERSION = YES;
				CLANG_WARN_INFINITE_RECURSION = YES;
				CLANG_WARN_INT_CONVERSION = YES;
				CLANG_WARN_NON_LITERAL_NULL_CONVERSION = YES;
				CLANG_WARN_OBJC_IMPLICIT_RETAIN_SELF = YES;
				CLANG_WARN_OBJC_LITERAL_CONVERSION = YES;
				CLANG_WARN_OBJC_ROOT_CLASS = YES_ERROR;
				CLANG_WARN_RANGE_LOOP_ANALYSIS = YES;
				CLANG_WARN_STRICT_PROTOTYPES = YES;
				CLANG_WARN_SUSPICIOUS_MOVE = YES;
				CLANG_WARN_UNGUARDED_AVAILABILITY = YES_AGGRESSIVE;
				CLANG_WARN_UNREACHABLE_CODE = YES;
				CLANG_WARN__DUPLICATE_METHOD_MATCH = YES;
				COPY_PHASE_STRIP = NO;
				DEBUG_INFORMATION_FORMAT = dwarf;
				ENABLE_STRICT_OBJC_MSGSEND = YES;
				ENABLE_TESTABILITY = YES;
				GCC_C_LANGUAGE_STANDARD = gnu11;
				GCC_DYNAMIC_NO_PIC = NO;
				GCC_NO_COMMON_BLOCKS = YES;
				GCC_OPTIMIZATION_LEVEL = 0;
				GCC_PREPROCESSOR_DEFINITIONS = (
					"DEBUG=1",
					"$(inherited)",
				);
				GCC_WARN_64_TO_32_BIT_CONVERSION = YES;
				GCC_WARN_ABOUT_RETURN_TYPE = YES_ERROR;
				GCC_WARN_UNDECLARED_SELECTOR = YES;
				GCC_WARN_UNINITIALIZED_AUTOS = YES_AGGRESSIVE;
				GCC_WARN_UNUSED_FUNCTION = YES;
				GCC_WARN_UNUSED_VARIABLE = YES;
				IPHONEOS_DEPLOYMENT_TARGET = 13.2;
				MTL_ENABLE_DEBUG_INFO = INCLUDE_SOURCE;
				MTL_FAST_MATH = YES;
				ONLY_ACTIVE_ARCH = YES;
				SDKROOT = iphoneos;
				SWIFT_ACTIVE_COMPILATION_CONDITIONS = DEBUG;
				SWIFT_OPTIMIZATION_LEVEL = "-Onone";
			};
			name = Debug;
		};
		181514E723F533D60066BCFB /* Release */ = {
			isa = XCBuildConfiguration;
			buildSettings = {
				ALWAYS_SEARCH_USER_PATHS = NO;
				CLANG_ANALYZER_NONNULL = YES;
				CLANG_ANALYZER_NUMBER_OBJECT_CONVERSION = YES_AGGRESSIVE;
				CLANG_CXX_LANGUAGE_STANDARD = "gnu++14";
				CLANG_CXX_LIBRARY = "libc++";
				CLANG_ENABLE_MODULES = YES;
				CLANG_ENABLE_OBJC_ARC = YES;
				CLANG_ENABLE_OBJC_WEAK = YES;
				CLANG_WARN_BLOCK_CAPTURE_AUTORELEASING = YES;
				CLANG_WARN_BOOL_CONVERSION = YES;
				CLANG_WARN_COMMA = YES;
				CLANG_WARN_CONSTANT_CONVERSION = YES;
				CLANG_WARN_DEPRECATED_OBJC_IMPLEMENTATIONS = YES;
				CLANG_WARN_DIRECT_OBJC_ISA_USAGE = YES_ERROR;
				CLANG_WARN_DOCUMENTATION_COMMENTS = YES;
				CLANG_WARN_EMPTY_BODY = YES;
				CLANG_WARN_ENUM_CONVERSION = YES;
				CLANG_WARN_INFINITE_RECURSION = YES;
				CLANG_WARN_INT_CONVERSION = YES;
				CLANG_WARN_NON_LITERAL_NULL_CONVERSION = YES;
				CLANG_WARN_OBJC_IMPLICIT_RETAIN_SELF = YES;
				CLANG_WARN_OBJC_LITERAL_CONVERSION = YES;
				CLANG_WARN_OBJC_ROOT_CLASS = YES_ERROR;
				CLANG_WARN_RANGE_LOOP_ANALYSIS = YES;
				CLANG_WARN_STRICT_PROTOTYPES = YES;
				CLANG_WARN_SUSPICIOUS_MOVE = YES;
				CLANG_WARN_UNGUARDED_AVAILABILITY = YES_AGGRESSIVE;
				CLANG_WARN_UNREACHABLE_CODE = YES;
				CLANG_WARN__DUPLICATE_METHOD_MATCH = YES;
				COPY_PHASE_STRIP = NO;
				DEBUG_INFORMATION_FORMAT = "dwarf-with-dsym";
				ENABLE_NS_ASSERTIONS = NO;
				ENABLE_STRICT_OBJC_MSGSEND = YES;
				GCC_C_LANGUAGE_STANDARD = gnu11;
				GCC_NO_COMMON_BLOCKS = YES;
				GCC_WARN_64_TO_32_BIT_CONVERSION = YES;
				GCC_WARN_ABOUT_RETURN_TYPE = YES_ERROR;
				GCC_WARN_UNDECLARED_SELECTOR = YES;
				GCC_WARN_UNINITIALIZED_AUTOS = YES_AGGRESSIVE;
				GCC_WARN_UNUSED_FUNCTION = YES;
				GCC_WARN_UNUSED_VARIABLE = YES;
				IPHONEOS_DEPLOYMENT_TARGET = 13.2;
				MTL_ENABLE_DEBUG_INFO = NO;
				MTL_FAST_MATH = YES;
				SDKROOT = iphoneos;
				SWIFT_COMPILATION_MODE = wholemodule;
				SWIFT_OPTIMIZATION_LEVEL = "-O";
				VALIDATE_PRODUCT = YES;
			};
			name = Release;
		};
		181514E923F533D60066BCFB /* Debug */ = {
			isa = XCBuildConfiguration;
			buildSettings = {
				ASSETCATALOG_COMPILER_APPICON_NAME = AppIcon;
				CODE_SIGN_STYLE = Automatic;
				DEVELOPMENT_TEAM = 5N355L3R7C;
				INFOPLIST_FILE = "rolling ball 5 ways on class fix/Info.plist";
				LD_RUNPATH_SEARCH_PATHS = (
					"$(inherited)",
					"@executable_path/Frameworks",
				);
				PRODUCT_BUNDLE_IDENTIFIER = "com.catchee.co.rolling-ball-5-ways-on-class-fix";
				PRODUCT_NAME = "$(TARGET_NAME)";
				SWIFT_VERSION = 5.0;
				TARGETED_DEVICE_FAMILY = "1,2";
			};
			name = Debug;
		};
		181514EA23F533D60066BCFB /* Release */ = {
			isa = XCBuildConfiguration;
			buildSettings = {
				ASSETCATALOG_COMPILER_APPICON_NAME = AppIcon;
				CODE_SIGN_STYLE = Automatic;
				DEVELOPMENT_TEAM = 5N355L3R7C;
				INFOPLIST_FILE = "rolling ball 5 ways on class fix/Info.plist";
				LD_RUNPATH_SEARCH_PATHS = (
					"$(inherited)",
					"@executable_path/Frameworks",
				);
				PRODUCT_BUNDLE_IDENTIFIER = "com.catchee.co.rolling-ball-5-ways-on-class-fix";
				PRODUCT_NAME = "$(TARGET_NAME)";
				SWIFT_VERSION = 5.0;
				TARGETED_DEVICE_FAMILY = "1,2";
			};
			name = Release;
		};
/* End XCBuildConfiguration section */

/* Begin XCConfigurationList section */
		181514CF23F533CE0066BCFB /* Build configuration list for PBXProject "rolling ball 5 ways on class fix" */ = {
			isa = XCConfigurationList;
			buildConfigurations = (
				181514E623F533D60066BCFB /* Debug */,
				181514E723F533D60066BCFB /* Release */,
			);
			defaultConfigurationIsVisible = 0;
			defaultConfigurationName = Release;
		};
		181514E823F533D60066BCFB /* Build configuration list for PBXNativeTarget "rolling ball 5 ways on class fix" */ = {
			isa = XCConfigurationList;
			buildConfigurations = (
				181514E923F533D60066BCFB /* Debug */,
				181514EA23F533D60066BCFB /* Release */,
			);
			defaultConfigurationIsVisible = 0;
			defaultConfigurationName = Release;
		};
/* End XCConfigurationList section */
	};
	rootObject = 181514CC23F533CE0066BCFB /* Project object */;
}
