// !$*UTF8*$!
{
	archiveVersion = 1;
	classes = {
	};
	objectVersion = 50;
	objects = {

/* Begin PBXBuildFile section */
		18D32BB723FBCCEF00B7E3C0 /* AppDelegate.swift in Sources */ = {isa = PBXBuildFile; fileRef = 18D32BB623FBCCEF00B7E3C0 /* AppDelegate.swift */; };
		18D32BB923FBCCEF00B7E3C0 /* SceneDelegate.swift in Sources */ = {isa = PBXBuildFile; fileRef = 18D32BB823FBCCEF00B7E3C0 /* SceneDelegate.swift */; };
		18D32BBB23FBCCEF00B7E3C0 /* ViewController.swift in Sources */ = {isa = PBXBuildFile; fileRef = 18D32BBA23FBCCEF00B7E3C0 /* ViewController.swift */; };
		18D32BBE23FBCCEF00B7E3C0 /* Main.storyboard in Resources */ = {isa = PBXBuildFile; fileRef = 18D32BBC23FBCCEF00B7E3C0 /* Main.storyboard */; };
		18D32BC023FBCCF600B7E3C0 /* Assets.xcassets in Resources */ = {isa = PBXBuildFile; fileRef = 18D32BBF23FBCCF600B7E3C0 /* Assets.xcassets */; };
		18D32BC323FBCCF600B7E3C0 /* LaunchScreen.storyboard in Resources */ = {isa = PBXBuildFile; fileRef = 18D32BC123FBCCF600B7E3C0 /* LaunchScreen.storyboard */; };
/* End PBXBuildFile section */

/* Begin PBXFileReference section */
		18D32BB323FBCCEF00B7E3C0 /* banCoVua.app */ = {isa = PBXFileReference; explicitFileType = wrapper.application; includeInIndex = 0; path = banCoVua.app; sourceTree = BUILT_PRODUCTS_DIR; };
		18D32BB623FBCCEF00B7E3C0 /* AppDelegate.swift */ = {isa = PBXFileReference; lastKnownFileType = sourcecode.swift; path = AppDelegate.swift; sourceTree = "<group>"; };
		18D32BB823FBCCEF00B7E3C0 /* SceneDelegate.swift */ = {isa = PBXFileReference; lastKnownFileType = sourcecode.swift; path = SceneDelegate.swift; sourceTree = "<group>"; };
		18D32BBA23FBCCEF00B7E3C0 /* ViewController.swift */ = {isa = PBXFileReference; lastKnownFileType = sourcecode.swift; path = ViewController.swift; sourceTree = "<group>"; };
		18D32BBD23FBCCEF00B7E3C0 /* Base */ = {isa = PBXFileReference; lastKnownFileType = file.storyboard; name = Base; path = Base.lproj/Main.storyboard; sourceTree = "<group>"; };
		18D32BBF23FBCCF600B7E3C0 /* Assets.xcassets */ = {isa = PBXFileReference; lastKnownFileType = folder.assetcatalog; path = Assets.xcassets; sourceTree = "<group>"; };
		18D32BC223FBCCF600B7E3C0 /* Base */ = {isa = PBXFileReference; lastKnownFileType = file.storyboard; name = Base; path = Base.lproj/LaunchScreen.storyboard; sourceTree = "<group>"; };
		18D32BC423FBCCF600B7E3C0 /* Info.plist */ = {isa = PBXFileReference; lastKnownFileType = text.plist.xml; path = Info.plist; sourceTree = "<group>"; };
/* End PBXFileReference section */

/* Begin PBXFrameworksBuildPhase section */
		18D32BB023FBCCEF00B7E3C0 /* Frameworks */ = {
			isa = PBXFrameworksBuildPhase;
			buildActionMask = 2147483647;
			files = (
			);
			runOnlyForDeploymentPostprocessing = 0;
		};
/* End PBXFrameworksBuildPhase section */

/* Begin PBXGroup section */
		18D32BAA23FBCCEF00B7E3C0 = {
			isa = PBXGroup;
			children = (
				18D32BB523FBCCEF00B7E3C0 /* banCoVua */,
				18D32BB423FBCCEF00B7E3C0 /* Products */,
			);
			sourceTree = "<group>";
		};
		18D32BB423FBCCEF00B7E3C0 /* Products */ = {
			isa = PBXGroup;
			children = (
				18D32BB323FBCCEF00B7E3C0 /* banCoVua.app */,
			);
			name = Products;
			sourceTree = "<group>";
		};
		18D32BB523FBCCEF00B7E3C0 /* banCoVua */ = {
			isa = PBXGroup;
			children = (
				18D32BB623FBCCEF00B7E3C0 /* AppDelegate.swift */,
				18D32BB823FBCCEF00B7E3C0 /* SceneDelegate.swift */,
				18D32BBA23FBCCEF00B7E3C0 /* ViewController.swift */,
				18D32BBC23FBCCEF00B7E3C0 /* Main.storyboard */,
				18D32BBF23FBCCF600B7E3C0 /* Assets.xcassets */,
				18D32BC123FBCCF600B7E3C0 /* LaunchScreen.storyboard */,
				18D32BC423FBCCF600B7E3C0 /* Info.plist */,
			);
			path = banCoVua;
			sourceTree = "<group>";
		};
/* End PBXGroup section */

/* Begin PBXNativeTarget section */
		18D32BB223FBCCEF00B7E3C0 /* banCoVua */ = {
			isa = PBXNativeTarget;
			buildConfigurationList = 18D32BC723FBCCF700B7E3C0 /* Build configuration list for PBXNativeTarget "banCoVua" */;
			buildPhases = (
				18D32BAF23FBCCEF00B7E3C0 /* Sources */,
				18D32BB023FBCCEF00B7E3C0 /* Frameworks */,
				18D32BB123FBCCEF00B7E3C0 /* Resources */,
			);
			buildRules = (
			);
			dependencies = (
			);
			name = banCoVua;
			productName = banCoVua;
			productReference = 18D32BB323FBCCEF00B7E3C0 /* banCoVua.app */;
			productType = "com.apple.product-type.application";
		};
/* End PBXNativeTarget section */

/* Begin PBXProject section */
		18D32BAB23FBCCEF00B7E3C0 /* Project object */ = {
			isa = PBXProject;
			attributes = {
				LastSwiftUpdateCheck = 1130;
				LastUpgradeCheck = 1130;
				ORGANIZATIONNAME = Apple;
				TargetAttributes = {
					18D32BB223FBCCEF00B7E3C0 = {
						CreatedOnToolsVersion = 11.3;
					};
				};
			};
			buildConfigurationList = 18D32BAE23FBCCEF00B7E3C0 /* Build configuration list for PBXProject "banCoVua" */;
			compatibilityVersion = "Xcode 9.3";
			developmentRegion = en;
			hasScannedForEncodings = 0;
			knownRegions = (
				en,
				Base,
			);
			mainGroup = 18D32BAA23FBCCEF00B7E3C0;
			productRefGroup = 18D32BB423FBCCEF00B7E3C0 /* Products */;
			projectDirPath = "";
			projectRoot = "";
			targets = (
				18D32BB223FBCCEF00B7E3C0 /* banCoVua */,
			);
		};
/* End PBXProject section */

/* Begin PBXResourcesBuildPhase section */
		18D32BB123FBCCEF00B7E3C0 /* Resources */ = {
			isa = PBXResourcesBuildPhase;
			buildActionMask = 2147483647;
			files = (
				18D32BC323FBCCF600B7E3C0 /* LaunchScreen.storyboard in Resources */,
				18D32BC023FBCCF600B7E3C0 /* Assets.xcassets in Resources */,
				18D32BBE23FBCCEF00B7E3C0 /* Main.storyboard in Resources */,
			);
			runOnlyForDeploymentPostprocessing = 0;
		};
/* End PBXResourcesBuildPhase section */

/* Begin PBXSourcesBuildPhase section */
		18D32BAF23FBCCEF00B7E3C0 /* Sources */ = {
			isa = PBXSourcesBuildPhase;
			buildActionMask = 2147483647;
			files = (
				18D32BBB23FBCCEF00B7E3C0 /* ViewController.swift in Sources */,
				18D32BB723FBCCEF00B7E3C0 /* AppDelegate.swift in Sources */,
				18D32BB923FBCCEF00B7E3C0 /* SceneDelegate.swift in Sources */,
			);
			runOnlyForDeploymentPostprocessing = 0;
		};
/* End PBXSourcesBuildPhase section */

/* Begin PBXVariantGroup section */
		18D32BBC23FBCCEF00B7E3C0 /* Main.storyboard */ = {
			isa = PBXVariantGroup;
			children = (
				18D32BBD23FBCCEF00B7E3C0 /* Base */,
			);
			name = Main.storyboard;
			sourceTree = "<group>";
		};
		18D32BC123FBCCF600B7E3C0 /* LaunchScreen.storyboard */ = {
			isa = PBXVariantGroup;
			children = (
				18D32BC223FBCCF600B7E3C0 /* Base */,
			);
			name = LaunchScreen.storyboard;
			sourceTree = "<group>";
		};
/* End PBXVariantGroup section */

/* Begin XCBuildConfiguration section */
		18D32BC523FBCCF700B7E3C0 /* Debug */ = {
			isa = XCBuildConfiguration;
			buildSettings = {
				ALWAYS_SEARCH_USER_PATHS = NO;
				CLANG_ANALYZER_NONNULL = YES;
				CLANG_ANALYZER_NUMBER_OBJECT_CONVERSION = YES_AGGRESSIVE;
				CLANG_CXX_LANGUAGE_STANDARD = "gnu++14";
				CLANG_CXX_LIBRARY = "libc++";
				CLANG_ENABLE_MODULES = YES;
				CLANG_ENABLE_OBJC_ARC = YES;
				CLANG_ENABLE_OBJC_WEAK = YES;
				CLANG_WARN_BLOCK_CAPTURE_AUTORELEASING = YES;
				CLANG_WARN_BOOL_CONVERSION = YES;
				CLANG_WARN_COMMA = YES;
				CLANG_WARN_CONSTANT_CONVERSION = YES;
				CLANG_WARN_DEPRECATED_OBJC_IMPLEMENTATIONS = YES;
				CLANG_WARN_DIRECT_OBJC_ISA_USAGE = YES_ERROR;
				CLANG_WARN_DOCUMENTATION_COMMENTS = YES;
				CLANG_WARN_EMPTY_BODY = YES;
				CLANG_WARN_ENUM_CONVERSION = YES;
				CLANG_WARN_INFINITE_RECURSION = YES;
				CLANG_WARN_INT_CONVERSION = YES;
				CLANG_WARN_NON_LITERAL_NULL_CONVERSION = YES;
				CLANG_WARN_OBJC_IMPLICIT_RETAIN_SELF = YES;
				CLANG_WARN_OBJC_LITERAL_CONVERSION = YES;
				CLANG_WARN_OBJC_ROOT_CLASS = YES_ERROR;
				CLANG_WARN_RANGE_LOOP_ANALYSIS = YES;
				CLANG_WARN_STRICT_PROTOTYPES = YES;
				CLANG_WARN_SUSPICIOUS_MOVE = YES;
				CLANG_WARN_UNGUARDED_AVAILABILITY = YES_AGGRESSIVE;
				CLANG_WARN_UNREACHABLE_CODE = YES;
				CLANG_WARN__DUPLICATE_METHOD_MATCH = YES;
				COPY_PHASE_STRIP = NO;
				DEBUG_INFORMATION_FORMAT = dwarf;
				ENABLE_STRICT_OBJC_MSGSEND = YES;
				ENABLE_TESTABILITY = YES;
				GCC_C_LANGUAGE_STANDARD = gnu11;
				GCC_DYNAMIC_NO_PIC = NO;
				GCC_NO_COMMON_BLOCKS = YES;
				GCC_OPTIMIZATION_LEVEL = 0;
				GCC_PREPROCESSOR_DEFINITIONS = (
					"DEBUG=1",
					"$(inherited)",
				);
				GCC_WARN_64_TO_32_BIT_CONVERSION = YES;
				GCC_WARN_ABOUT_RETURN_TYPE = YES_ERROR;
				GCC_WARN_UNDECLARED_SELECTOR = YES;
				GCC_WARN_UNINITIALIZED_AUTOS = YES_AGGRESSIVE;
				GCC_WARN_UNUSED_FUNCTION = YES;
				GCC_WARN_UNUSED_VARIABLE = YES;
				IPHONEOS_DEPLOYMENT_TARGET = 13.2;
				MTL_ENABLE_DEBUG_INFO = INCLUDE_SOURCE;
				MTL_FAST_MATH = YES;
				ONLY_ACTIVE_ARCH = YES;
				SDKROOT = iphoneos;
				SWIFT_ACTIVE_COMPILATION_CONDITIONS = DEBUG;
				SWIFT_OPTIMIZATION_LEVEL = "-Onone";
			};
			name = Debug;
		};
		18D32BC623FBCCF700B7E3C0 /* Release */ = {
			isa = XCBuildConfiguration;
			buildSettings = {
				ALWAYS_SEARCH_USER_PATHS = NO;
				CLANG_ANALYZER_NONNULL = YES;
				CLANG_ANALYZER_NUMBER_OBJECT_CONVERSION = YES_AGGRESSIVE;
				CLANG_CXX_LANGUAGE_STANDARD = "gnu++14";
				CLANG_CXX_LIBRARY = "libc++";
				CLANG_ENABLE_MODULES = YES;
				CLANG_ENABLE_OBJC_ARC = YES;
				CLANG_ENABLE_OBJC_WEAK = YES;
				CLANG_WARN_BLOCK_CAPTURE_AUTORELEASING = YES;
				CLANG_WARN_BOOL_CONVERSION = YES;
				CLANG_WARN_COMMA = YES;
				CLANG_WARN_CONSTANT_CONVERSION = YES;
				CLANG_WARN_DEPRECATED_OBJC_IMPLEMENTATIONS = YES;
				CLANG_WARN_DIRECT_OBJC_ISA_USAGE = YES_ERROR;
				CLANG_WARN_DOCUMENTATION_COMMENTS = YES;
				CLANG_WARN_EMPTY_BODY = YES;
				CLANG_WARN_ENUM_CONVERSION = YES;
				CLANG_WARN_INFINITE_RECURSION = YES;
				CLANG_WARN_INT_CONVERSION = YES;
				CLANG_WARN_NON_LITERAL_NULL_CONVERSION = YES;
				CLANG_WARN_OBJC_IMPLICIT_RETAIN_SELF = YES;
				CLANG_WARN_OBJC_LITERAL_CONVERSION = YES;
				CLANG_WARN_OBJC_ROOT_CLASS = YES_ERROR;
				CLANG_WARN_RANGE_LOOP_ANALYSIS = YES;
				CLANG_WARN_STRICT_PROTOTYPES = YES;
				CLANG_WARN_SUSPICIOUS_MOVE = YES;
				CLANG_WARN_UNGUARDED_AVAILABILITY = YES_AGGRESSIVE;
				CLANG_WARN_UNREACHABLE_CODE = YES;
				CLANG_WARN__DUPLICATE_METHOD_MATCH = YES;
				COPY_PHASE_STRIP = NO;
				DEBUG_INFORMATION_FORMAT = "dwarf-with-dsym";
				ENABLE_NS_ASSERTIONS = NO;
				ENABLE_STRICT_OBJC_MSGSEND = YES;
				GCC_C_LANGUAGE_STANDARD = gnu11;
				GCC_NO_COMMON_BLOCKS = YES;
				GCC_WARN_64_TO_32_BIT_CONVERSION = YES;
				GCC_WARN_ABOUT_RETURN_TYPE = YES_ERROR;
				GCC_WARN_UNDECLARED_SELECTOR = YES;
				GCC_WARN_UNINITIALIZED_AUTOS = YES_AGGRESSIVE;
				GCC_WARN_UNUSED_FUNCTION = YES;
				GCC_WARN_UNUSED_VARIABLE = YES;
				IPHONEOS_DEPLOYMENT_TARGET = 13.2;
				MTL_ENABLE_DEBUG_INFO = NO;
				MTL_FAST_MATH = YES;
				SDKROOT = iphoneos;
				SWIFT_COMPILATION_MODE = wholemodule;
				SWIFT_OPTIMIZATION_LEVEL = "-O";
				VALIDATE_PRODUCT = YES;
			};
			name = Release;
		};
		18D32BC823FBCCF700B7E3C0 /* Debug */ = {
			isa = XCBuildConfiguration;
			buildSettings = {
				ASSETCATALOG_COMPILER_APPICON_NAME = AppIcon;
				CODE_SIGN_STYLE = Automatic;
				DEVELOPMENT_TEAM = 5N355L3R7C;
				INFOPLIST_FILE = banCoVua/Info.plist;
				LD_RUNPATH_SEARCH_PATHS = (
					"$(inherited)",
					"@executable_path/Frameworks",
				);
				PRODUCT_BUNDLE_IDENTIFIER = com.catchee.co.banCoVua;
				PRODUCT_NAME = "$(TARGET_NAME)";
				SWIFT_VERSION = 5.0;
				TARGETED_DEVICE_FAMILY = "1,2";
			};
			name = Debug;
		};
		18D32BC923FBCCF700B7E3C0 /* Release */ = {
			isa = XCBuildConfiguration;
			buildSettings = {
				ASSETCATALOG_COMPILER_APPICON_NAME = AppIcon;
				CODE_SIGN_STYLE = Automatic;
				DEVELOPMENT_TEAM = 5N355L3R7C;
				INFOPLIST_FILE = banCoVua/Info.plist;
				LD_RUNPATH_SEARCH_PATHS = (
					"$(inherited)",
					"@executable_path/Frameworks",
				);
				PRODUCT_BUNDLE_IDENTIFIER = com.catchee.co.banCoVua;
				PRODUCT_NAME = "$(TARGET_NAME)";
				SWIFT_VERSION = 5.0;
				TARGETED_DEVICE_FAMILY = "1,2";
			};
			name = Release;
		};
/* End XCBuildConfiguration section */

/* Begin XCConfigurationList section */
		18D32BAE23FBCCEF00B7E3C0 /* Build configuration list for PBXProject "banCoVua" */ = {
			isa = XCConfigurationList;
			buildConfigurations = (
				18D32BC523FBCCF700B7E3C0 /* Debug */,
				18D32BC623FBCCF700B7E3C0 /* Release */,
			);
			defaultConfigurationIsVisible = 0;
			defaultConfigurationName = Release;
		};
		18D32BC723FBCCF700B7E3C0 /* Build configuration list for PBXNativeTarget "banCoVua" */ = {
			isa = XCConfigurationList;
			buildConfigurations = (
				18D32BC823FBCCF700B7E3C0 /* Debug */,
				18D32BC923FBCCF700B7E3C0 /* Release */,
			);
			defaultConfigurationIsVisible = 0;
			defaultConfigurationName = Release;
		};
/* End XCConfigurationList section */
	};
	rootObject = 18D32BAB23FBCCEF00B7E3C0 /* Project object */;
}
