// !$*UTF8*$!
{
	archiveVersion = 1;
	classes = {
	};
	objectVersion = 50;
	objects = {

/* Begin PBXBuildFile section */
		1876CAB023EBFD3300E63725 /* AppDelegate.swift in Sources */ = {isa = PBXBuildFile; fileRef = 1876CAAF23EBFD3300E63725 /* AppDelegate.swift */; };
		1876CAB223EBFD3300E63725 /* SceneDelegate.swift in Sources */ = {isa = PBXBuildFile; fileRef = 1876CAB123EBFD3300E63725 /* SceneDelegate.swift */; };
		1876CAB423EBFD3300E63725 /* ViewController.swift in Sources */ = {isa = PBXBuildFile; fileRef = 1876CAB323EBFD3300E63725 /* ViewController.swift */; };
		1876CAB723EBFD3300E63725 /* Main.storyboard in Resources */ = {isa = PBXBuildFile; fileRef = 1876CAB523EBFD3300E63725 /* Main.storyboard */; };
		1876CAB923EBFD3A00E63725 /* Assets.xcassets in Resources */ = {isa = PBXBuildFile; fileRef = 1876CAB823EBFD3A00E63725 /* Assets.xcassets */; };
		1876CABC23EBFD3A00E63725 /* LaunchScreen.storyboard in Resources */ = {isa = PBXBuildFile; fileRef = 1876CABA23EBFD3A00E63725 /* LaunchScreen.storyboard */; };
/* End PBXBuildFile section */

/* Begin PBXFileReference section */
		1876CAAC23EBFD3300E63725 /* real clock.app */ = {isa = PBXFileReference; explicitFileType = wrapper.application; includeInIndex = 0; path = "real clock.app"; sourceTree = BUILT_PRODUCTS_DIR; };
		1876CAAF23EBFD3300E63725 /* AppDelegate.swift */ = {isa = PBXFileReference; lastKnownFileType = sourcecode.swift; path = AppDelegate.swift; sourceTree = "<group>"; };
		1876CAB123EBFD3300E63725 /* SceneDelegate.swift */ = {isa = PBXFileReference; lastKnownFileType = sourcecode.swift; path = SceneDelegate.swift; sourceTree = "<group>"; };
		1876CAB323EBFD3300E63725 /* ViewController.swift */ = {isa = PBXFileReference; lastKnownFileType = sourcecode.swift; path = ViewController.swift; sourceTree = "<group>"; };
		1876CAB623EBFD3300E63725 /* Base */ = {isa = PBXFileReference; lastKnownFileType = file.storyboard; name = Base; path = Base.lproj/Main.storyboard; sourceTree = "<group>"; };
		1876CAB823EBFD3A00E63725 /* Assets.xcassets */ = {isa = PBXFileReference; lastKnownFileType = folder.assetcatalog; path = Assets.xcassets; sourceTree = "<group>"; };
		1876CABB23EBFD3A00E63725 /* Base */ = {isa = PBXFileReference; lastKnownFileType = file.storyboard; name = Base; path = Base.lproj/LaunchScreen.storyboard; sourceTree = "<group>"; };
		1876CABD23EBFD3A00E63725 /* Info.plist */ = {isa = PBXFileReference; lastKnownFileType = text.plist.xml; path = Info.plist; sourceTree = "<group>"; };
/* End PBXFileReference section */

/* Begin PBXFrameworksBuildPhase section */
		1876CAA923EBFD3300E63725 /* Frameworks */ = {
			isa = PBXFrameworksBuildPhase;
			buildActionMask = 2147483647;
			files = (
			);
			runOnlyForDeploymentPostprocessing = 0;
		};
/* End PBXFrameworksBuildPhase section */

/* Begin PBXGroup section */
		1876CAA323EBFD3200E63725 = {
			isa = PBXGroup;
			children = (
				1876CAAE23EBFD3300E63725 /* real clock */,
				1876CAAD23EBFD3300E63725 /* Products */,
			);
			sourceTree = "<group>";
		};
		1876CAAD23EBFD3300E63725 /* Products */ = {
			isa = PBXGroup;
			children = (
				1876CAAC23EBFD3300E63725 /* real clock.app */,
			);
			name = Products;
			sourceTree = "<group>";
		};
		1876CAAE23EBFD3300E63725 /* real clock */ = {
			isa = PBXGroup;
			children = (
				1876CAAF23EBFD3300E63725 /* AppDelegate.swift */,
				1876CAB123EBFD3300E63725 /* SceneDelegate.swift */,
				1876CAB323EBFD3300E63725 /* ViewController.swift */,
				1876CAB523EBFD3300E63725 /* Main.storyboard */,
				1876CAB823EBFD3A00E63725 /* Assets.xcassets */,
				1876CABA23EBFD3A00E63725 /* LaunchScreen.storyboard */,
				1876CABD23EBFD3A00E63725 /* Info.plist */,
			);
			path = "real clock";
			sourceTree = "<group>";
		};
/* End PBXGroup section */

/* Begin PBXNativeTarget section */
		1876CAAB23EBFD3300E63725 /* real clock */ = {
			isa = PBXNativeTarget;
			buildConfigurationList = 1876CAC023EBFD3A00E63725 /* Build configuration list for PBXNativeTarget "real clock" */;
			buildPhases = (
				1876CAA823EBFD3300E63725 /* Sources */,
				1876CAA923EBFD3300E63725 /* Frameworks */,
				1876CAAA23EBFD3300E63725 /* Resources */,
			);
			buildRules = (
			);
			dependencies = (
			);
			name = "real clock";
			productName = "real clock";
			productReference = 1876CAAC23EBFD3300E63725 /* real clock.app */;
			productType = "com.apple.product-type.application";
		};
/* End PBXNativeTarget section */

/* Begin PBXProject section */
		1876CAA423EBFD3200E63725 /* Project object */ = {
			isa = PBXProject;
			attributes = {
				LastSwiftUpdateCheck = 1130;
				LastUpgradeCheck = 1130;
				ORGANIZATIONNAME = Apple;
				TargetAttributes = {
					1876CAAB23EBFD3300E63725 = {
						CreatedOnToolsVersion = 11.3;
					};
				};
			};
			buildConfigurationList = 1876CAA723EBFD3200E63725 /* Build configuration list for PBXProject "real clock" */;
			compatibilityVersion = "Xcode 9.3";
			developmentRegion = en;
			hasScannedForEncodings = 0;
			knownRegions = (
				en,
				Base,
			);
			mainGroup = 1876CAA323EBFD3200E63725;
			productRefGroup = 1876CAAD23EBFD3300E63725 /* Products */;
			projectDirPath = "";
			projectRoot = "";
			targets = (
				1876CAAB23EBFD3300E63725 /* real clock */,
			);
		};
/* End PBXProject section */

/* Begin PBXResourcesBuildPhase section */
		1876CAAA23EBFD3300E63725 /* Resources */ = {
			isa = PBXResourcesBuildPhase;
			buildActionMask = 2147483647;
			files = (
				1876CABC23EBFD3A00E63725 /* LaunchScreen.storyboard in Resources */,
				1876CAB923EBFD3A00E63725 /* Assets.xcassets in Resources */,
				1876CAB723EBFD3300E63725 /* Main.storyboard in Resources */,
			);
			runOnlyForDeploymentPostprocessing = 0;
		};
/* End PBXResourcesBuildPhase section */

/* Begin PBXSourcesBuildPhase section */
		1876CAA823EBFD3300E63725 /* Sources */ = {
			isa = PBXSourcesBuildPhase;
			buildActionMask = 2147483647;
			files = (
				1876CAB423EBFD3300E63725 /* ViewController.swift in Sources */,
				1876CAB023EBFD3300E63725 /* AppDelegate.swift in Sources */,
				1876CAB223EBFD3300E63725 /* SceneDelegate.swift in Sources */,
			);
			runOnlyForDeploymentPostprocessing = 0;
		};
/* End PBXSourcesBuildPhase section */

/* Begin PBXVariantGroup section */
		1876CAB523EBFD3300E63725 /* Main.storyboard */ = {
			isa = PBXVariantGroup;
			children = (
				1876CAB623EBFD3300E63725 /* Base */,
			);
			name = Main.storyboard;
			sourceTree = "<group>";
		};
		1876CABA23EBFD3A00E63725 /* LaunchScreen.storyboard */ = {
			isa = PBXVariantGroup;
			children = (
				1876CABB23EBFD3A00E63725 /* Base */,
			);
			name = LaunchScreen.storyboard;
			sourceTree = "<group>";
		};
/* End PBXVariantGroup section */

/* Begin XCBuildConfiguration section */
		1876CABE23EBFD3A00E63725 /* Debug */ = {
			isa = XCBuildConfiguration;
			buildSettings = {
				ALWAYS_SEARCH_USER_PATHS = NO;
				CLANG_ANALYZER_NONNULL = YES;
				CLANG_ANALYZER_NUMBER_OBJECT_CONVERSION = YES_AGGRESSIVE;
				CLANG_CXX_LANGUAGE_STANDARD = "gnu++14";
				CLANG_CXX_LIBRARY = "libc++";
				CLANG_ENABLE_MODULES = YES;
				CLANG_ENABLE_OBJC_ARC = YES;
				CLANG_ENABLE_OBJC_WEAK = YES;
				CLANG_WARN_BLOCK_CAPTURE_AUTORELEASING = YES;
				CLANG_WARN_BOOL_CONVERSION = YES;
				CLANG_WARN_COMMA = YES;
				CLANG_WARN_CONSTANT_CONVERSION = YES;
				CLANG_WARN_DEPRECATED_OBJC_IMPLEMENTATIONS = YES;
				CLANG_WARN_DIRECT_OBJC_ISA_USAGE = YES_ERROR;
				CLANG_WARN_DOCUMENTATION_COMMENTS = YES;
				CLANG_WARN_EMPTY_BODY = YES;
				CLANG_WARN_ENUM_CONVERSION = YES;
				CLANG_WARN_INFINITE_RECURSION = YES;
				CLANG_WARN_INT_CONVERSION = YES;
				CLANG_WARN_NON_LITERAL_NULL_CONVERSION = YES;
				CLANG_WARN_OBJC_IMPLICIT_RETAIN_SELF = YES;
				CLANG_WARN_OBJC_LITERAL_CONVERSION = YES;
				CLANG_WARN_OBJC_ROOT_CLASS = YES_ERROR;
				CLANG_WARN_RANGE_LOOP_ANALYSIS = YES;
				CLANG_WARN_STRICT_PROTOTYPES = YES;
				CLANG_WARN_SUSPICIOUS_MOVE = YES;
				CLANG_WARN_UNGUARDED_AVAILABILITY = YES_AGGRESSIVE;
				CLANG_WARN_UNREACHABLE_CODE = YES;
				CLANG_WARN__DUPLICATE_METHOD_MATCH = YES;
				COPY_PHASE_STRIP = NO;
				DEBUG_INFORMATION_FORMAT = dwarf;
				ENABLE_STRICT_OBJC_MSGSEND = YES;
				ENABLE_TESTABILITY = YES;
				GCC_C_LANGUAGE_STANDARD = gnu11;
				GCC_DYNAMIC_NO_PIC = NO;
				GCC_NO_COMMON_BLOCKS = YES;
				GCC_OPTIMIZATION_LEVEL = 0;
				GCC_PREPROCESSOR_DEFINITIONS = (
					"DEBUG=1",
					"$(inherited)",
				);
				GCC_WARN_64_TO_32_BIT_CONVERSION = YES;
				GCC_WARN_ABOUT_RETURN_TYPE = YES_ERROR;
				GCC_WARN_UNDECLARED_SELECTOR = YES;
				GCC_WARN_UNINITIALIZED_AUTOS = YES_AGGRESSIVE;
				GCC_WARN_UNUSED_FUNCTION = YES;
				GCC_WARN_UNUSED_VARIABLE = YES;
				IPHONEOS_DEPLOYMENT_TARGET = 13.2;
				MTL_ENABLE_DEBUG_INFO = INCLUDE_SOURCE;
				MTL_FAST_MATH = YES;
				ONLY_ACTIVE_ARCH = YES;
				SDKROOT = iphoneos;
				SWIFT_ACTIVE_COMPILATION_CONDITIONS = DEBUG;
				SWIFT_OPTIMIZATION_LEVEL = "-Onone";
			};
			name = Debug;
		};
		1876CABF23EBFD3A00E63725 /* Release */ = {
			isa = XCBuildConfiguration;
			buildSettings = {
				ALWAYS_SEARCH_USER_PATHS = NO;
				CLANG_ANALYZER_NONNULL = YES;
				CLANG_ANALYZER_NUMBER_OBJECT_CONVERSION = YES_AGGRESSIVE;
				CLANG_CXX_LANGUAGE_STANDARD = "gnu++14";
				CLANG_CXX_LIBRARY = "libc++";
				CLANG_ENABLE_MODULES = YES;
				CLANG_ENABLE_OBJC_ARC = YES;
				CLANG_ENABLE_OBJC_WEAK = YES;
				CLANG_WARN_BLOCK_CAPTURE_AUTORELEASING = YES;
				CLANG_WARN_BOOL_CONVERSION = YES;
				CLANG_WARN_COMMA = YES;
				CLANG_WARN_CONSTANT_CONVERSION = YES;
				CLANG_WARN_DEPRECATED_OBJC_IMPLEMENTATIONS = YES;
				CLANG_WARN_DIRECT_OBJC_ISA_USAGE = YES_ERROR;
				CLANG_WARN_DOCUMENTATION_COMMENTS = YES;
				CLANG_WARN_EMPTY_BODY = YES;
				CLANG_WARN_ENUM_CONVERSION = YES;
				CLANG_WARN_INFINITE_RECURSION = YES;
				CLANG_WARN_INT_CONVERSION = YES;
				CLANG_WARN_NON_LITERAL_NULL_CONVERSION = YES;
				CLANG_WARN_OBJC_IMPLICIT_RETAIN_SELF = YES;
				CLANG_WARN_OBJC_LITERAL_CONVERSION = YES;
				CLANG_WARN_OBJC_ROOT_CLASS = YES_ERROR;
				CLANG_WARN_RANGE_LOOP_ANALYSIS = YES;
				CLANG_WARN_STRICT_PROTOTYPES = YES;
				CLANG_WARN_SUSPICIOUS_MOVE = YES;
				CLANG_WARN_UNGUARDED_AVAILABILITY = YES_AGGRESSIVE;
				CLANG_WARN_UNREACHABLE_CODE = YES;
				CLANG_WARN__DUPLICATE_METHOD_MATCH = YES;
				COPY_PHASE_STRIP = NO;
				DEBUG_INFORMATION_FORMAT = "dwarf-with-dsym";
				ENABLE_NS_ASSERTIONS = NO;
				ENABLE_STRICT_OBJC_MSGSEND = YES;
				GCC_C_LANGUAGE_STANDARD = gnu11;
				GCC_NO_COMMON_BLOCKS = YES;
				GCC_WARN_64_TO_32_BIT_CONVERSION = YES;
				GCC_WARN_ABOUT_RETURN_TYPE = YES_ERROR;
				GCC_WARN_UNDECLARED_SELECTOR = YES;
				GCC_WARN_UNINITIALIZED_AUTOS = YES_AGGRESSIVE;
				GCC_WARN_UNUSED_FUNCTION = YES;
				GCC_WARN_UNUSED_VARIABLE = YES;
				IPHONEOS_DEPLOYMENT_TARGET = 13.2;
				MTL_ENABLE_DEBUG_INFO = NO;
				MTL_FAST_MATH = YES;
				SDKROOT = iphoneos;
				SWIFT_COMPILATION_MODE = wholemodule;
				SWIFT_OPTIMIZATION_LEVEL = "-O";
				VALIDATE_PRODUCT = YES;
			};
			name = Release;
		};
		1876CAC123EBFD3A00E63725 /* Debug */ = {
			isa = XCBuildConfiguration;
			buildSettings = {
				ASSETCATALOG_COMPILER_APPICON_NAME = AppIcon;
				CODE_SIGN_STYLE = Automatic;
				DEVELOPMENT_TEAM = 5N355L3R7C;
				INFOPLIST_FILE = "real clock/Info.plist";
				LD_RUNPATH_SEARCH_PATHS = (
					"$(inherited)",
					"@executable_path/Frameworks",
				);
				PRODUCT_BUNDLE_IDENTIFIER = "com.catchee.co.real-clock";
				PRODUCT_NAME = "$(TARGET_NAME)";
				SWIFT_VERSION = 5.0;
				TARGETED_DEVICE_FAMILY = "1,2";
			};
			name = Debug;
		};
		1876CAC223EBFD3A00E63725 /* Release */ = {
			isa = XCBuildConfiguration;
			buildSettings = {
				ASSETCATALOG_COMPILER_APPICON_NAME = AppIcon;
				CODE_SIGN_STYLE = Automatic;
				DEVELOPMENT_TEAM = 5N355L3R7C;
				INFOPLIST_FILE = "real clock/Info.plist";
				LD_RUNPATH_SEARCH_PATHS = (
					"$(inherited)",
					"@executable_path/Frameworks",
				);
				PRODUCT_BUNDLE_IDENTIFIER = "com.catchee.co.real-clock";
				PRODUCT_NAME = "$(TARGET_NAME)";
				SWIFT_VERSION = 5.0;
				TARGETED_DEVICE_FAMILY = "1,2";
			};
			name = Release;
		};
/* End XCBuildConfiguration section */

/* Begin XCConfigurationList section */
		1876CAA723EBFD3200E63725 /* Build configuration list for PBXProject "real clock" */ = {
			isa = XCConfigurationList;
			buildConfigurations = (
				1876CABE23EBFD3A00E63725 /* Debug */,
				1876CABF23EBFD3A00E63725 /* Release */,
			);
			defaultConfigurationIsVisible = 0;
			defaultConfigurationName = Release;
		};
		1876CAC023EBFD3A00E63725 /* Build configuration list for PBXNativeTarget "real clock" */ = {
			isa = XCConfigurationList;
			buildConfigurations = (
				1876CAC123EBFD3A00E63725 /* Debug */,
				1876CAC223EBFD3A00E63725 /* Release */,
			);
			defaultConfigurationIsVisible = 0;
			defaultConfigurationName = Release;
		};
/* End XCConfigurationList section */
	};
	rootObject = 1876CAA423EBFD3200E63725 /* Project object */;
}
