// !$*UTF8*$!
{
	archiveVersion = 1;
	classes = {
	};
	objectVersion = 50;
	objects = {

/* Begin PBXBuildFile section */
		18C9D8CF23C70D30001635CF /* AppDelegate.swift in Sources */ = {isa = PBXBuildFile; fileRef = 18C9D8CE23C70D30001635CF /* AppDelegate.swift */; };
		18C9D8D123C70D30001635CF /* SceneDelegate.swift in Sources */ = {isa = PBXBuildFile; fileRef = 18C9D8D023C70D30001635CF /* SceneDelegate.swift */; };
		18C9D8D323C70D30001635CF /* ViewController.swift in Sources */ = {isa = PBXBuildFile; fileRef = 18C9D8D223C70D30001635CF /* ViewController.swift */; };
		18C9D8D623C70D30001635CF /* Main.storyboard in Resources */ = {isa = PBXBuildFile; fileRef = 18C9D8D423C70D30001635CF /* Main.storyboard */; };
		18C9D8D823C70D38001635CF /* Assets.xcassets in Resources */ = {isa = PBXBuildFile; fileRef = 18C9D8D723C70D38001635CF /* Assets.xcassets */; };
		18C9D8DB23C70D38001635CF /* LaunchScreen.storyboard in Resources */ = {isa = PBXBuildFile; fileRef = 18C9D8D923C70D38001635CF /* LaunchScreen.storyboard */; };
/* End PBXBuildFile section */

/* Begin PBXFileReference section */
		18C9D8CB23C70D30001635CF /* on class buoi 5 Jan09.app */ = {isa = PBXFileReference; explicitFileType = wrapper.application; includeInIndex = 0; path = "on class buoi 5 Jan09.app"; sourceTree = BUILT_PRODUCTS_DIR; };
		18C9D8CE23C70D30001635CF /* AppDelegate.swift */ = {isa = PBXFileReference; lastKnownFileType = sourcecode.swift; path = AppDelegate.swift; sourceTree = "<group>"; };
		18C9D8D023C70D30001635CF /* SceneDelegate.swift */ = {isa = PBXFileReference; lastKnownFileType = sourcecode.swift; path = SceneDelegate.swift; sourceTree = "<group>"; };
		18C9D8D223C70D30001635CF /* ViewController.swift */ = {isa = PBXFileReference; lastKnownFileType = sourcecode.swift; path = ViewController.swift; sourceTree = "<group>"; };
		18C9D8D523C70D30001635CF /* Base */ = {isa = PBXFileReference; lastKnownFileType = file.storyboard; name = Base; path = Base.lproj/Main.storyboard; sourceTree = "<group>"; };
		18C9D8D723C70D38001635CF /* Assets.xcassets */ = {isa = PBXFileReference; lastKnownFileType = folder.assetcatalog; path = Assets.xcassets; sourceTree = "<group>"; };
		18C9D8DA23C70D38001635CF /* Base */ = {isa = PBXFileReference; lastKnownFileType = file.storyboard; name = Base; path = Base.lproj/LaunchScreen.storyboard; sourceTree = "<group>"; };
		18C9D8DC23C70D38001635CF /* Info.plist */ = {isa = PBXFileReference; lastKnownFileType = text.plist.xml; path = Info.plist; sourceTree = "<group>"; };
/* End PBXFileReference section */

/* Begin PBXFrameworksBuildPhase section */
		18C9D8C823C70D30001635CF /* Frameworks */ = {
			isa = PBXFrameworksBuildPhase;
			buildActionMask = 2147483647;
			files = (
			);
			runOnlyForDeploymentPostprocessing = 0;
		};
/* End PBXFrameworksBuildPhase section */

/* Begin PBXGroup section */
		18C9D8C223C70D30001635CF = {
			isa = PBXGroup;
			children = (
				18C9D8CD23C70D30001635CF /* on class buoi 5 Jan09 */,
				18C9D8CC23C70D30001635CF /* Products */,
			);
			sourceTree = "<group>";
		};
		18C9D8CC23C70D30001635CF /* Products */ = {
			isa = PBXGroup;
			children = (
				18C9D8CB23C70D30001635CF /* on class buoi 5 Jan09.app */,
			);
			name = Products;
			sourceTree = "<group>";
		};
		18C9D8CD23C70D30001635CF /* on class buoi 5 Jan09 */ = {
			isa = PBXGroup;
			children = (
				18C9D8CE23C70D30001635CF /* AppDelegate.swift */,
				18C9D8D023C70D30001635CF /* SceneDelegate.swift */,
				18C9D8D223C70D30001635CF /* ViewController.swift */,
				18C9D8D423C70D30001635CF /* Main.storyboard */,
				18C9D8D723C70D38001635CF /* Assets.xcassets */,
				18C9D8D923C70D38001635CF /* LaunchScreen.storyboard */,
				18C9D8DC23C70D38001635CF /* Info.plist */,
			);
			path = "on class buoi 5 Jan09";
			sourceTree = "<group>";
		};
/* End PBXGroup section */

/* Begin PBXNativeTarget section */
		18C9D8CA23C70D30001635CF /* on class buoi 5 Jan09 */ = {
			isa = PBXNativeTarget;
			buildConfigurationList = 18C9D8DF23C70D38001635CF /* Build configuration list for PBXNativeTarget "on class buoi 5 Jan09" */;
			buildPhases = (
				18C9D8C723C70D30001635CF /* Sources */,
				18C9D8C823C70D30001635CF /* Frameworks */,
				18C9D8C923C70D30001635CF /* Resources */,
			);
			buildRules = (
			);
			dependencies = (
			);
			name = "on class buoi 5 Jan09";
			productName = "on class buoi 5 Jan09";
			productReference = 18C9D8CB23C70D30001635CF /* on class buoi 5 Jan09.app */;
			productType = "com.apple.product-type.application";
		};
/* End PBXNativeTarget section */

/* Begin PBXProject section */
		18C9D8C323C70D30001635CF /* Project object */ = {
			isa = PBXProject;
			attributes = {
				LastSwiftUpdateCheck = 1130;
				LastUpgradeCheck = 1130;
				ORGANIZATIONNAME = Apple;
				TargetAttributes = {
					18C9D8CA23C70D30001635CF = {
						CreatedOnToolsVersion = 11.3;
					};
				};
			};
			buildConfigurationList = 18C9D8C623C70D30001635CF /* Build configuration list for PBXProject "on class buoi 5 Jan09" */;
			compatibilityVersion = "Xcode 9.3";
			developmentRegion = en;
			hasScannedForEncodings = 0;
			knownRegions = (
				en,
				Base,
			);
			mainGroup = 18C9D8C223C70D30001635CF;
			productRefGroup = 18C9D8CC23C70D30001635CF /* Products */;
			projectDirPath = "";
			projectRoot = "";
			targets = (
				18C9D8CA23C70D30001635CF /* on class buoi 5 Jan09 */,
			);
		};
/* End PBXProject section */

/* Begin PBXResourcesBuildPhase section */
		18C9D8C923C70D30001635CF /* Resources */ = {
			isa = PBXResourcesBuildPhase;
			buildActionMask = 2147483647;
			files = (
				18C9D8DB23C70D38001635CF /* LaunchScreen.storyboard in Resources */,
				18C9D8D823C70D38001635CF /* Assets.xcassets in Resources */,
				18C9D8D623C70D30001635CF /* Main.storyboard in Resources */,
			);
			runOnlyForDeploymentPostprocessing = 0;
		};
/* End PBXResourcesBuildPhase section */

/* Begin PBXSourcesBuildPhase section */
		18C9D8C723C70D30001635CF /* Sources */ = {
			isa = PBXSourcesBuildPhase;
			buildActionMask = 2147483647;
			files = (
				18C9D8D323C70D30001635CF /* ViewController.swift in Sources */,
				18C9D8CF23C70D30001635CF /* AppDelegate.swift in Sources */,
				18C9D8D123C70D30001635CF /* SceneDelegate.swift in Sources */,
			);
			runOnlyForDeploymentPostprocessing = 0;
		};
/* End PBXSourcesBuildPhase section */

/* Begin PBXVariantGroup section */
		18C9D8D423C70D30001635CF /* Main.storyboard */ = {
			isa = PBXVariantGroup;
			children = (
				18C9D8D523C70D30001635CF /* Base */,
			);
			name = Main.storyboard;
			sourceTree = "<group>";
		};
		18C9D8D923C70D38001635CF /* LaunchScreen.storyboard */ = {
			isa = PBXVariantGroup;
			children = (
				18C9D8DA23C70D38001635CF /* Base */,
			);
			name = LaunchScreen.storyboard;
			sourceTree = "<group>";
		};
/* End PBXVariantGroup section */

/* Begin XCBuildConfiguration section */
		18C9D8DD23C70D38001635CF /* Debug */ = {
			isa = XCBuildConfiguration;
			buildSettings = {
				ALWAYS_SEARCH_USER_PATHS = NO;
				CLANG_ANALYZER_NONNULL = YES;
				CLANG_ANALYZER_NUMBER_OBJECT_CONVERSION = YES_AGGRESSIVE;
				CLANG_CXX_LANGUAGE_STANDARD = "gnu++14";
				CLANG_CXX_LIBRARY = "libc++";
				CLANG_ENABLE_MODULES = YES;
				CLANG_ENABLE_OBJC_ARC = YES;
				CLANG_ENABLE_OBJC_WEAK = YES;
				CLANG_WARN_BLOCK_CAPTURE_AUTORELEASING = YES;
				CLANG_WARN_BOOL_CONVERSION = YES;
				CLANG_WARN_COMMA = YES;
				CLANG_WARN_CONSTANT_CONVERSION = YES;
				CLANG_WARN_DEPRECATED_OBJC_IMPLEMENTATIONS = YES;
				CLANG_WARN_DIRECT_OBJC_ISA_USAGE = YES_ERROR;
				CLANG_WARN_DOCUMENTATION_COMMENTS = YES;
				CLANG_WARN_EMPTY_BODY = YES;
				CLANG_WARN_ENUM_CONVERSION = YES;
				CLANG_WARN_INFINITE_RECURSION = YES;
				CLANG_WARN_INT_CONVERSION = YES;
				CLANG_WARN_NON_LITERAL_NULL_CONVERSION = YES;
				CLANG_WARN_OBJC_IMPLICIT_RETAIN_SELF = YES;
				CLANG_WARN_OBJC_LITERAL_CONVERSION = YES;
				CLANG_WARN_OBJC_ROOT_CLASS = YES_ERROR;
				CLANG_WARN_RANGE_LOOP_ANALYSIS = YES;
				CLANG_WARN_STRICT_PROTOTYPES = YES;
				CLANG_WARN_SUSPICIOUS_MOVE = YES;
				CLANG_WARN_UNGUARDED_AVAILABILITY = YES_AGGRESSIVE;
				CLANG_WARN_UNREACHABLE_CODE = YES;
				CLANG_WARN__DUPLICATE_METHOD_MATCH = YES;
				COPY_PHASE_STRIP = NO;
				DEBUG_INFORMATION_FORMAT = dwarf;
				ENABLE_STRICT_OBJC_MSGSEND = YES;
				ENABLE_TESTABILITY = YES;
				GCC_C_LANGUAGE_STANDARD = gnu11;
				GCC_DYNAMIC_NO_PIC = NO;
				GCC_NO_COMMON_BLOCKS = YES;
				GCC_OPTIMIZATION_LEVEL = 0;
				GCC_PREPROCESSOR_DEFINITIONS = (
					"DEBUG=1",
					"$(inherited)",
				);
				GCC_WARN_64_TO_32_BIT_CONVERSION = YES;
				GCC_WARN_ABOUT_RETURN_TYPE = YES_ERROR;
				GCC_WARN_UNDECLARED_SELECTOR = YES;
				GCC_WARN_UNINITIALIZED_AUTOS = YES_AGGRESSIVE;
				GCC_WARN_UNUSED_FUNCTION = YES;
				GCC_WARN_UNUSED_VARIABLE = YES;
				IPHONEOS_DEPLOYMENT_TARGET = 13.2;
				MTL_ENABLE_DEBUG_INFO = INCLUDE_SOURCE;
				MTL_FAST_MATH = YES;
				ONLY_ACTIVE_ARCH = YES;
				SDKROOT = iphoneos;
				SWIFT_ACTIVE_COMPILATION_CONDITIONS = DEBUG;
				SWIFT_OPTIMIZATION_LEVEL = "-Onone";
			};
			name = Debug;
		};
		18C9D8DE23C70D38001635CF /* Release */ = {
			isa = XCBuildConfiguration;
			buildSettings = {
				ALWAYS_SEARCH_USER_PATHS = NO;
				CLANG_ANALYZER_NONNULL = YES;
				CLANG_ANALYZER_NUMBER_OBJECT_CONVERSION = YES_AGGRESSIVE;
				CLANG_CXX_LANGUAGE_STANDARD = "gnu++14";
				CLANG_CXX_LIBRARY = "libc++";
				CLANG_ENABLE_MODULES = YES;
				CLANG_ENABLE_OBJC_ARC = YES;
				CLANG_ENABLE_OBJC_WEAK = YES;
				CLANG_WARN_BLOCK_CAPTURE_AUTORELEASING = YES;
				CLANG_WARN_BOOL_CONVERSION = YES;
				CLANG_WARN_COMMA = YES;
				CLANG_WARN_CONSTANT_CONVERSION = YES;
				CLANG_WARN_DEPRECATED_OBJC_IMPLEMENTATIONS = YES;
				CLANG_WARN_DIRECT_OBJC_ISA_USAGE = YES_ERROR;
				CLANG_WARN_DOCUMENTATION_COMMENTS = YES;
				CLANG_WARN_EMPTY_BODY = YES;
				CLANG_WARN_ENUM_CONVERSION = YES;
				CLANG_WARN_INFINITE_RECURSION = YES;
				CLANG_WARN_INT_CONVERSION = YES;
				CLANG_WARN_NON_LITERAL_NULL_CONVERSION = YES;
				CLANG_WARN_OBJC_IMPLICIT_RETAIN_SELF = YES;
				CLANG_WARN_OBJC_LITERAL_CONVERSION = YES;
				CLANG_WARN_OBJC_ROOT_CLASS = YES_ERROR;
				CLANG_WARN_RANGE_LOOP_ANALYSIS = YES;
				CLANG_WARN_STRICT_PROTOTYPES = YES;
				CLANG_WARN_SUSPICIOUS_MOVE = YES;
				CLANG_WARN_UNGUARDED_AVAILABILITY = YES_AGGRESSIVE;
				CLANG_WARN_UNREACHABLE_CODE = YES;
				CLANG_WARN__DUPLICATE_METHOD_MATCH = YES;
				COPY_PHASE_STRIP = NO;
				DEBUG_INFORMATION_FORMAT = "dwarf-with-dsym";
				ENABLE_NS_ASSERTIONS = NO;
				ENABLE_STRICT_OBJC_MSGSEND = YES;
				GCC_C_LANGUAGE_STANDARD = gnu11;
				GCC_NO_COMMON_BLOCKS = YES;
				GCC_WARN_64_TO_32_BIT_CONVERSION = YES;
				GCC_WARN_ABOUT_RETURN_TYPE = YES_ERROR;
				GCC_WARN_UNDECLARED_SELECTOR = YES;
				GCC_WARN_UNINITIALIZED_AUTOS = YES_AGGRESSIVE;
				GCC_WARN_UNUSED_FUNCTION = YES;
				GCC_WARN_UNUSED_VARIABLE = YES;
				IPHONEOS_DEPLOYMENT_TARGET = 13.2;
				MTL_ENABLE_DEBUG_INFO = NO;
				MTL_FAST_MATH = YES;
				SDKROOT = iphoneos;
				SWIFT_COMPILATION_MODE = wholemodule;
				SWIFT_OPTIMIZATION_LEVEL = "-O";
				VALIDATE_PRODUCT = YES;
			};
			name = Release;
		};
		18C9D8E023C70D38001635CF /* Debug */ = {
			isa = XCBuildConfiguration;
			buildSettings = {
				ASSETCATALOG_COMPILER_APPICON_NAME = AppIcon;
				CODE_SIGN_STYLE = Automatic;
				DEVELOPMENT_TEAM = 5N355L3R7C;
				INFOPLIST_FILE = "on class buoi 5 Jan09/Info.plist";
				LD_RUNPATH_SEARCH_PATHS = (
					"$(inherited)",
					"@executable_path/Frameworks",
				);
				PRODUCT_BUNDLE_IDENTIFIER = "com.catchee.co.on-class-buoi-5-Jan09";
				PRODUCT_NAME = "$(TARGET_NAME)";
				SWIFT_VERSION = 5.0;
				TARGETED_DEVICE_FAMILY = "1,2";
			};
			name = Debug;
		};
		18C9D8E123C70D38001635CF /* Release */ = {
			isa = XCBuildConfiguration;
			buildSettings = {
				ASSETCATALOG_COMPILER_APPICON_NAME = AppIcon;
				CODE_SIGN_STYLE = Automatic;
				DEVELOPMENT_TEAM = 5N355L3R7C;
				INFOPLIST_FILE = "on class buoi 5 Jan09/Info.plist";
				LD_RUNPATH_SEARCH_PATHS = (
					"$(inherited)",
					"@executable_path/Frameworks",
				);
				PRODUCT_BUNDLE_IDENTIFIER = "com.catchee.co.on-class-buoi-5-Jan09";
				PRODUCT_NAME = "$(TARGET_NAME)";
				SWIFT_VERSION = 5.0;
				TARGETED_DEVICE_FAMILY = "1,2";
			};
			name = Release;
		};
/* End XCBuildConfiguration section */

/* Begin XCConfigurationList section */
		18C9D8C623C70D30001635CF /* Build configuration list for PBXProject "on class buoi 5 Jan09" */ = {
			isa = XCConfigurationList;
			buildConfigurations = (
				18C9D8DD23C70D38001635CF /* Debug */,
				18C9D8DE23C70D38001635CF /* Release */,
			);
			defaultConfigurationIsVisible = 0;
			defaultConfigurationName = Release;
		};
		18C9D8DF23C70D38001635CF /* Build configuration list for PBXNativeTarget "on class buoi 5 Jan09" */ = {
			isa = XCConfigurationList;
			buildConfigurations = (
				18C9D8E023C70D38001635CF /* Debug */,
				18C9D8E123C70D38001635CF /* Release */,
			);
			defaultConfigurationIsVisible = 0;
			defaultConfigurationName = Release;
		};
/* End XCConfigurationList section */
	};
	rootObject = 18C9D8C323C70D30001635CF /* Project object */;
}
